
Microsoft Visual Studio Solution File, Format Version 12.00
# Visual Studio Version 17
VisualStudioVersion = 17.5.33516.290
MinimumVisualStudioVersion = 10.0.40219.1
Project("{FAE04EC0-301F-11D3-BF4B-00C04F79EFBC}") = "OksanaN HW#3", "OksanaN HW#3.csproj", "{8E6F8EE5-2C1E-4CA8-B36D-0227060C9E5D}"
EndProject
Project("{FAE04EC0-301F-11D3-BF4B-00C04F79EFBC}") = "Oksana HW#4", "..\Oksana HW4\Oksana HW#4.csproj", "{CDFF99F0-A5B5-4123-B7EA-0D188210BEDF}"
EndProject
Project("{FAE04EC0-301F-11D3-BF4B-00C04F79EFBC}") = "ShoppingCartTests", "..\ShoppingCartTests\ShoppingCartTests.csproj", "{FC31A0F8-D2A6-4C0D-A4A7-44B4ECC31E1E}"
EndProject
Global
	GlobalSection(SolutionConfigurationPlatforms) = preSolution
		Debug|Any CPU = Debug|Any CPU
		Release|Any CPU = Release|Any CPU
	EndGlobalSection
	GlobalSection(ProjectConfigurationPlatforms) = postSolution
		{8E6F8EE5-2C1E-4CA8-B36D-0227060C9E5D}.Debug|Any CPU.ActiveCfg = Debug|Any CPU
		{8E6F8EE5-2C1E-4CA8-B36D-0227060C9E5D}.Debug|Any CPU.Build.0 = Debug|Any CPU
		{8E6F8EE5-2C1E-4CA8-B36D-0227060C9E5D}.Release|Any CPU.ActiveCfg = Release|Any CPU
		{8E6F8EE5-2C1E-4CA8-B36D-0227060C9E5D}.Release|Any CPU.Build.0 = Release|Any CPU
		{CDFF99F0-A5B5-4123-B7EA-0D188210BEDF}.Debug|Any CPU.ActiveCfg = Debug|Any CPU
		{CDFF99F0-A5B5-4123-B7EA-0D188210BEDF}.Debug|Any CPU.Build.0 = Debug|Any CPU
		{CDFF99F0-A5B5-4123-B7EA-0D188210BEDF}.Release|Any CPU.ActiveCfg = Release|Any CPU
		{CDFF99F0-A5B5-4123-B7EA-0D188210BEDF}.Release|Any CPU.Build.0 = Release|Any CPU
		{FC31A0F8-D2A6-4C0D-A4A7-44B4ECC31E1E}.Debug|Any CPU.ActiveCfg = Debug|Any CPU
		{FC31A0F8-D2A6-4C0D-A4A7-44B4ECC31E1E}.Debug|Any CPU.Build.0 = Debug|Any CPU
		{FC31A0F8-D2A6-4C0D-A4A7-44B4ECC31E1E}.Release|Any CPU.ActiveCfg = Release|Any CPU
		{FC31A0F8-D2A6-4C0D-A4A7-44B4ECC31E1E}.Release|Any CPU.Build.0 = Release|Any CPU
	EndGlobalSection
	GlobalSection(SolutionProperties) = preSolution
		HideSolutionNode = FALSE
	EndGlobalSection
	GlobalSection(ExtensibilityGlobals) = postSolution
		SolutionGuid = {05CDA0A1-8CE8-4D8E-A347-A9971049295D}
	EndGlobalSection
EndGlobal
